
Microsoft Visual Studio Solution File, Format Version 12.00
# Visual Studio Version 16
VisualStudioVersion = 16.0.32802.440
MinimumVisualStudioVersion = 10.0.40219.1
Project("{FAE04EC0-301F-11D3-BF4B-00C04F79EFBC}") = "practice", "practice.csproj", "{EE576536-50F4-4167-A28E-71013B4C3C6A}"
EndProject
Global
	GlobalSection(SolutionConfigurationPlatforms) = preSolution
		Debug|Any CPU = Debug|Any CPU
		Release|Any CPU = Release|Any CPU
	EndGlobalSection
	GlobalSection(ProjectConfigurationPlatforms) = postSolution
		{EE576536-50F4-4167-A28E-71013B4C3C6A}.Debug|Any CPU.ActiveCfg = Debug|Any CPU
		{EE576536-50F4-4167-A28E-71013B4C3C6A}.Debug|Any CPU.Build.0 = Debug|Any CPU
		{EE576536-50F4-4167-A28E-71013B4C3C6A}.Release|Any CPU.ActiveCfg = Release|Any CPU
		{EE576536-50F4-4167-A28E-71013B4C3C6A}.Release|Any CPU.Build.0 = Release|Any CPU
	EndGlobalSection
	GlobalSection(SolutionProperties) = preSolution
		HideSolutionNode = FALSE
	EndGlobalSection
	GlobalSection(ExtensibilityGlobals) = postSolution
		SolutionGuid = {3A291805-5BB1-400B-AD6A-57E64B66CBB8}
	EndGlobalSection
EndGlobal
